
Microsoft Visual Studio Solution File, Format Version 12.00
# Visual Studio Version 17
VisualStudioVersion = 17.4.33122.133
MinimumVisualStudioVersion = 10.0.40219.1
Project("{FAE04EC0-301F-11D3-BF4B-00C04F79EFBC}") = "RoslynTest", "RoslynTest\RoslynTest.csproj", "{F276313C-0EA4-4074-9B64-2CA88EE2D099}"
EndProject
Global
	GlobalSection(SolutionConfigurationPlatforms) = preSolution
		Debug|Any CPU = Debug|Any CPU
		Release|Any CPU = Release|Any CPU
	EndGlobalSection
	GlobalSection(ProjectConfigurationPlatforms) = postSolution
		{F276313C-0EA4-4074-9B64-2CA88EE2D099}.Debug|Any CPU.ActiveCfg = Debug|Any CPU
		{F276313C-0EA4-4074-9B64-2CA88EE2D099}.Debug|Any CPU.Build.0 = Debug|Any CPU
		{F276313C-0EA4-4074-9B64-2CA88EE2D099}.Release|Any CPU.ActiveCfg = Release|Any CPU
		{F276313C-0EA4-4074-9B64-2CA88EE2D099}.Release|Any CPU.Build.0 = Release|Any CPU
	EndGlobalSection
	GlobalSection(SolutionProperties) = preSolution
		HideSolutionNode = FALSE
	EndGlobalSection
	GlobalSection(ExtensibilityGlobals) = postSolution
		SolutionGuid = {480FCCE0-EDCA-4BB2-81A0-62F2AF63C00B}
	EndGlobalSection
EndGlobal
